
Microsoft Visual Studio Solution File, Format Version 11.00
# Visual Studio 2010
Project("{FAE04EC0-301F-11D3-BF4B-00C04F79EFBC}") = "MediaOnOtherScreen", "MediaOnOtherScreen\MediaOnOtherScreen.csproj", "{33B146B6-C373-4C00-BD02-3CFCCBA4C160}"
EndProject
Global
	GlobalSection(SolutionConfigurationPlatforms) = preSolution
		Debug|x86 = Debug|x86
		Release|x86 = Release|x86
	EndGlobalSection
	GlobalSection(ProjectConfigurationPlatforms) = postSolution
		{33B146B6-C373-4C00-BD02-3CFCCBA4C160}.Debug|x86.ActiveCfg = Debug|x86
		{33B146B6-C373-4C00-BD02-3CFCCBA4C160}.Debug|x86.Build.0 = Debug|x86
		{33B146B6-C373-4C00-BD02-3CFCCBA4C160}.Release|x86.ActiveCfg = Release|x86
		{33B146B6-C373-4C00-BD02-3CFCCBA4C160}.Release|x86.Build.0 = Release|x86
	EndGlobalSection
	GlobalSection(SolutionProperties) = preSolution
		HideSolutionNode = FALSE
	EndGlobalSection
EndGlobal
